
Microsoft Visual Studio Solution File, Format Version 12.00
# Visual Studio 15
VisualStudioVersion = 15.0.27130.2036
MinimumVisualStudioVersion = 10.0.40219.1
Project("{9A19103F-16F7-4668-BE54-9A1E7A4F7556}") = "RecordStore.Api", "RecordStore.Api\RecordStore.Api.csproj", "{5957F808-0C6E-4D43-BF4B-D26B13314A59}"
EndProject
Project("{9A19103F-16F7-4668-BE54-9A1E7A4F7556}") = "RecordStore.DomainObjects", "RecordStore.DomainObjects\RecordStore.DomainObjects.csproj", "{EF3941D6-3D33-4924-BEB0-8B4785801D9F}"
EndProject
Project("{9A19103F-16F7-4668-BE54-9A1E7A4F7556}") = "RecordStore.Api.Tests", "RecordStore.Api.Tests\RecordStore.Api.Tests.csproj", "{325A7A48-0F1B-46AE-8C86-80B487D8EEEC}"
EndProject
Project("{FAE04EC0-301F-11D3-BF4B-00C04F79EFBC}") = "RecordStore.Services", "RecordStore.Services\RecordStore.Services.csproj", "{EA4FE70F-E642-433F-A549-721D833003CA}"
EndProject
Project("{FAE04EC0-301F-11D3-BF4B-00C04F79EFBC}") = "RecordStore.Services.Tests", "RecordStore.Services.Tests\RecordStore.Services.Tests.csproj", "{E06596D4-78B6-4F78-8DED-E80BCD3EF857}"
EndProject
Global
	GlobalSection(SolutionConfigurationPlatforms) = preSolution
		Debug|Any CPU = Debug|Any CPU
		Release|Any CPU = Release|Any CPU
	EndGlobalSection
	GlobalSection(ProjectConfigurationPlatforms) = postSolution
		{5957F808-0C6E-4D43-BF4B-D26B13314A59}.Debug|Any CPU.ActiveCfg = Debug|Any CPU
		{5957F808-0C6E-4D43-BF4B-D26B13314A59}.Debug|Any CPU.Build.0 = Debug|Any CPU
		{5957F808-0C6E-4D43-BF4B-D26B13314A59}.Release|Any CPU.ActiveCfg = Release|Any CPU
		{5957F808-0C6E-4D43-BF4B-D26B13314A59}.Release|Any CPU.Build.0 = Release|Any CPU
		{EF3941D6-3D33-4924-BEB0-8B4785801D9F}.Debug|Any CPU.ActiveCfg = Debug|Any CPU
		{EF3941D6-3D33-4924-BEB0-8B4785801D9F}.Debug|Any CPU.Build.0 = Debug|Any CPU
		{EF3941D6-3D33-4924-BEB0-8B4785801D9F}.Release|Any CPU.ActiveCfg = Release|Any CPU
		{EF3941D6-3D33-4924-BEB0-8B4785801D9F}.Release|Any CPU.Build.0 = Release|Any CPU
		{325A7A48-0F1B-46AE-8C86-80B487D8EEEC}.Debug|Any CPU.ActiveCfg = Debug|Any CPU
		{325A7A48-0F1B-46AE-8C86-80B487D8EEEC}.Debug|Any CPU.Build.0 = Debug|Any CPU
		{325A7A48-0F1B-46AE-8C86-80B487D8EEEC}.Release|Any CPU.ActiveCfg = Release|Any CPU
		{325A7A48-0F1B-46AE-8C86-80B487D8EEEC}.Release|Any CPU.Build.0 = Release|Any CPU
		{EA4FE70F-E642-433F-A549-721D833003CA}.Debug|Any CPU.ActiveCfg = Debug|Any CPU
		{EA4FE70F-E642-433F-A549-721D833003CA}.Debug|Any CPU.Build.0 = Debug|Any CPU
		{EA4FE70F-E642-433F-A549-721D833003CA}.Release|Any CPU.ActiveCfg = Release|Any CPU
		{EA4FE70F-E642-433F-A549-721D833003CA}.Release|Any CPU.Build.0 = Release|Any CPU
		{E06596D4-78B6-4F78-8DED-E80BCD3EF857}.Debug|Any CPU.ActiveCfg = Debug|Any CPU
		{E06596D4-78B6-4F78-8DED-E80BCD3EF857}.Debug|Any CPU.Build.0 = Debug|Any CPU
		{E06596D4-78B6-4F78-8DED-E80BCD3EF857}.Release|Any CPU.ActiveCfg = Release|Any CPU
		{E06596D4-78B6-4F78-8DED-E80BCD3EF857}.Release|Any CPU.Build.0 = Release|Any CPU
	EndGlobalSection
	GlobalSection(SolutionProperties) = preSolution
		HideSolutionNode = FALSE
	EndGlobalSection
	GlobalSection(ExtensibilityGlobals) = postSolution
		SolutionGuid = {A792ABCF-A47A-4CC8-B9F1-65FA6E118592}
	EndGlobalSection
EndGlobal
